
Microsoft Visual Studio Solution File, Format Version 12.00
# Visual Studio Version 17
VisualStudioVersion = 17.7.34024.191
MinimumVisualStudioVersion = 10.0.40219.1
Project("{8BC9CEB8-8B4A-11D0-8D11-00A0C91BC942}") = "DZ19", "DZ19.vcxproj", "{F98B88FA-01B1-4A48-BE86-A1C9FA52E9E2}"
EndProject
Global
	GlobalSection(SolutionConfigurationPlatforms) = preSolution
		Debug|x64 = Debug|x64
		Debug|x86 = Debug|x86
		Release|x64 = Release|x64
		Release|x86 = Release|x86
	EndGlobalSection
	GlobalSection(ProjectConfigurationPlatforms) = postSolution
		{F98B88FA-01B1-4A48-BE86-A1C9FA52E9E2}.Debug|x64.ActiveCfg = Debug|x64
		{F98B88FA-01B1-4A48-BE86-A1C9FA52E9E2}.Debug|x64.Build.0 = Debug|x64
		{F98B88FA-01B1-4A48-BE86-A1C9FA52E9E2}.Debug|x86.ActiveCfg = Debug|Win32
		{F98B88FA-01B1-4A48-BE86-A1C9FA52E9E2}.Debug|x86.Build.0 = Debug|Win32
		{F98B88FA-01B1-4A48-BE86-A1C9FA52E9E2}.Release|x64.ActiveCfg = Release|x64
		{F98B88FA-01B1-4A48-BE86-A1C9FA52E9E2}.Release|x64.Build.0 = Release|x64
		{F98B88FA-01B1-4A48-BE86-A1C9FA52E9E2}.Release|x86.ActiveCfg = Release|Win32
		{F98B88FA-01B1-4A48-BE86-A1C9FA52E9E2}.Release|x86.Build.0 = Release|Win32
	EndGlobalSection
	GlobalSection(SolutionProperties) = preSolution
		HideSolutionNode = FALSE
	EndGlobalSection
	GlobalSection(ExtensibilityGlobals) = postSolution
		SolutionGuid = {6BE8BA75-91CE-482A-89AF-3C3B2B0119C4}
	EndGlobalSection
EndGlobal
